
Microsoft Visual Studio Solution File, Format Version 12.00
# Visual Studio Version 17
VisualStudioVersion = 17.5.002.0
MinimumVisualStudioVersion = 10.0.40219.1
Project("{9A19103F-16F7-4668-BE54-9A1E7A4F7556}") = "Service.Host", "Service.Host.csproj", "{A431DB69-C361-42E3-923F-68AE86CAEB7D}"
EndProject
Global
	GlobalSection(SolutionConfigurationPlatforms) = preSolution
		Debug|Any CPU = Debug|Any CPU
		Release|Any CPU = Release|Any CPU
	EndGlobalSection
	GlobalSection(ProjectConfigurationPlatforms) = postSolution
		{A431DB69-C361-42E3-923F-68AE86CAEB7D}.Debug|Any CPU.ActiveCfg = Debug|Any CPU
		{A431DB69-C361-42E3-923F-68AE86CAEB7D}.Debug|Any CPU.Build.0 = Debug|Any CPU
		{A431DB69-C361-42E3-923F-68AE86CAEB7D}.Release|Any CPU.ActiveCfg = Release|Any CPU
		{A431DB69-C361-42E3-923F-68AE86CAEB7D}.Release|Any CPU.Build.0 = Release|Any CPU
	EndGlobalSection
	GlobalSection(SolutionProperties) = preSolution
		HideSolutionNode = FALSE
	EndGlobalSection
	GlobalSection(ExtensibilityGlobals) = postSolution
		SolutionGuid = {0798C762-F5DC-494C-8DA5-0D175AB7E871}
	EndGlobalSection
EndGlobal
